
Microsoft Visual Studio Solution File, Format Version 12.00
# Visual Studio Version 16
VisualStudioVersion = 16.0.31613.86
MinimumVisualStudioVersion = 10.0.40219.1
Project("{9092AA53-FB77-4645-B42D-1CCCA6BD08BD}") = "Lab2SIT", "Lab2SIT\Lab2SIT.njsproj", "{3BCCFDA2-0872-47EA-995C-416D962068C7}"
EndProject
Global
	GlobalSection(SolutionConfigurationPlatforms) = preSolution
		Debug|Any CPU = Debug|Any CPU
		Release|Any CPU = Release|Any CPU
	EndGlobalSection
	GlobalSection(ProjectConfigurationPlatforms) = postSolution
		{3BCCFDA2-0872-47EA-995C-416D962068C7}.Debug|Any CPU.ActiveCfg = Debug|Any CPU
		{3BCCFDA2-0872-47EA-995C-416D962068C7}.Debug|Any CPU.Build.0 = Debug|Any CPU
		{3BCCFDA2-0872-47EA-995C-416D962068C7}.Release|Any CPU.ActiveCfg = Release|Any CPU
		{3BCCFDA2-0872-47EA-995C-416D962068C7}.Release|Any CPU.Build.0 = Release|Any CPU
	EndGlobalSection
	GlobalSection(SolutionProperties) = preSolution
		HideSolutionNode = FALSE
	EndGlobalSection
	GlobalSection(ExtensibilityGlobals) = postSolution
		SolutionGuid = {25C7F892-CDEB-4089-A37C-EA621AB204AB}
	EndGlobalSection
EndGlobal
